<?xml version="1.0" encoding="utf-8"?>
<Project ToolsVersion="4.0" xmlns="http://schemas.microsoft.com/developer/msbuild/2003">
  <ItemGroup>
    <Filter Include="通用">
      <UniqueIdentifier>914353fc-0914-4bb7-b174-4315cb52b649</UniqueIdentifier>
    </Filter>
    <Filter Include="资产">
      <UniqueIdentifier>9e0ebf76-bca8-44a2-ae89-340d46044879</UniqueIdentifier>
      <Extensions>bmp;fbx;gif;jpg;jpeg;tga;tiff;tif;png</Extensions>
    </Filter>
    <Filter Include="内容">
      <UniqueIdentifier>f3c20c9d-d3ea-4ae9-ab1d-e9b08a708dbb</UniqueIdentifier>
    </Filter>
    <ClInclude Include="Common\DirectXHelper.h">
      <Filter>通用</Filter>
    </ClInclude>
    <ClInclude Include="Common\StepTimer.h">
      <Filter>通用</Filter>
    </ClInclude>
    <ClInclude Include="Common\DeviceResources.h">
      <Filter>通用</Filter>
    </ClInclude>
    <ClCompile Include="Common\DeviceResources.cpp">
      <Filter>通用</Filter>
    </ClCompile>
    <ClInclude Include="Content\Sample3DSceneRenderer.h">
      <Filter>内容</Filter>
    </ClInclude>
    <ClInclude Include="Content\SampleFpsTextRenderer.h">
      <Filter>内容</Filter>
    </ClInclude>
    <ClInclude Include="Content\ShaderStructures.h">
      <Filter>内容</Filter>
    </ClInclude>
    <ClCompile Include="Content\Sample3DSceneRenderer.cpp">
      <Filter>内容</Filter>
    </ClCompile>
    <ClCompile Include="Content\SampleFpsTextRenderer.cpp">
      <Filter>内容</Filter>
    </ClCompile>
    <FxCompile Include="Content\SamplePixelShader.hlsl">
      <Filter>内容</Filter>
    </FxCompile>
    <FxCompile Include="Content\SampleVertexShader.hlsl">
      <Filter>内容</Filter>
    </FxCompile>
    <Image Include="Assets\LockScreenLogo.scale-200.png">
      <Filter>资产</Filter>
    </Image>
    <Image Include="Assets\SplashScreen.scale-200.png">
      <Filter>资产</Filter>
    </Image>
    <Image Include="Assets\Square150x150Logo.scale-200.png">
      <Filter>资产</Filter>
    </Image>
    <Image Include="Assets\Square44x44Logo.scale-200.png">
      <Filter>资产</Filter>
    </Image>
    <Image Include="Assets\Square44x44Logo.targetsize-24_altform-unplated.png">
      <Filter>资产</Filter>
    </Image>
    <Image Include="Assets\Wide310x150Logo.scale-200.png">
      <Filter>资产</Filter>
    </Image>
    <Filter Include="Commom">
      <UniqueIdentifier>{5c4dced9-d989-46af-b876-8213b9648993}</UniqueIdentifier>
    </Filter>
  </ItemGroup>
  <ItemGroup>
    <ClCompile Include="App.cpp" />
    <ClCompile Include="CTEngineMain.cpp" />
    <ClCompile Include="CTEngine.cpp" />
    <ClCompile Include="Timer.cpp" />
    <ClCompile Include="App3D.cpp" />
    <ClCompile Include="WindowWin.cpp" />
  </ItemGroup>
  <ItemGroup>
    <ClInclude Include="App.h" />
    <ClInclude Include="CTEngineMain.h" />
    <ClInclude Include="App3D.hpp" />
    <ClInclude Include="noncopyable.hpp">
      <Filter>Commom</Filter>
    </ClInclude>
    <ClInclude Include="CTEngine.hpp" />
    <ClInclude Include="Timer.hpp" />
    <ClInclude Include="PreDeclare.hpp" />
    <ClInclude Include="RenderSettings.hpp" />
    <ClInclude Include="Window.hpp" />
    <ClInclude Include="ElementFormat.hpp" />
  </ItemGroup>
  <ItemGroup>
    <Image Include="Assets\StoreLogo.png">
      <Filter>资产</Filter>
    </Image>
  </ItemGroup>
  <ItemGroup>
    <AppxManifest Include="Package.appxmanifest" />
  </ItemGroup>
  <ItemGroup>
    <None Include="CTEngine_TemporaryKey.pfx" />
  </ItemGroup>
</Project>